dependencies:
- name: memcached
  repository: oci://registry-1.docker.io/bitnamicharts
  version: 7.5.2
- name: redis
  repository: oci://registry-1.docker.io/bitnamicharts
  version: 21.2.14
- name: kafka
  repository: oci://registry-1.docker.io/bitnamicharts
  version: 29.3.14
- name: clickhouse
  repository: https://sentry-kubernetes.github.io/charts
  version: 4.0.1
- name: zookeeper
  repository: oci://registry-1.docker.io/bitnamicharts
  version: 11.4.11
- name: rabbitmq
  repository: oci://registry-1.docker.io/bitnamicharts
  version: 11.16.2
- name: postgresql
  repository: oci://registry-1.docker.io/bitnamicharts
  version: 12.5.1
- name: nginx
  repository: oci://registry-1.docker.io/bitnamicharts
  version: 18.2.5
digest: sha256:92c9bf0778c24d4bf05d9b4907169b9bd3a0e17f61e5f8225ba1f9f42ca9ac02
generated: "2025-08-04T16:36:14.511175259Z"
