dependencies:
- name: memcached
  repository: oci://registry-1.docker.io/cloudpirates
  version: 0.9.3
- name: redis
  repository: oci://registry-1.docker.io/bitnamicharts
  version: 17.11.3
- name: kafka
  repository: oci://registry-1.docker.io/bitnamicharts
  version: 32.4.3
- name: postgresql
  repository: oci://registry-1.docker.io/bitnamicharts
  version: 12.5.1
- name: nginx
  repository: oci://registry-1.docker.io/cloudpirates
  version: 0.5.9
digest: sha256:1659a3d4387e67e8370b08c9710f58d42427d620e732cf2d288b40e859283894
generated: "2026-02-04T04:53:40.872779881Z"
