dependencies:
- name: redis
  repository: https://charts.bitnami.com/bitnami
  version: 15.3.2
- name: kafka
  repository: https://charts.bitnami.com/bitnami
  version: 12.0.0
- name: clickhouse
  repository: https://sentry-kubernetes.github.io/charts
  version: 3.0.0
- name: rabbitmq
  repository: https://charts.bitnami.com/bitnami
  version: 8.9.1
- name: postgresql
  repository: https://charts.bitnami.com/bitnami
  version: 10.2.4
- name: nginx
  repository: https://charts.bitnami.com/bitnami
  version: 9.3.3
digest: sha256:b6d9b1f69141cf564b7ea14617967d8d642ff80a0230c4563582da39bc323d2f
generated: "2021-09-14T13:44:16.162057-07:00"
