dependencies:
- name: redis
  repository: https://charts.bitnami.com/bitnami
  version: 15.3.2
- name: kafka
  repository: https://charts.bitnami.com/bitnami
  version: 12.0.0
- name: clickhouse
  repository: https://sentry-kubernetes.github.io/charts
  version: 3.1.1
- name: zookeeper
  repository: https://charts.bitnami.com/bitnami
  version: 9.0.0
- name: rabbitmq
  repository: https://charts.bitnami.com/bitnami
  version: 8.9.1
- name: postgresql
  repository: https://charts.bitnami.com/bitnami
  version: 10.2.4
- name: nginx
  repository: https://charts.bitnami.com/bitnami
  version: 9.3.3
digest: sha256:77d86b49065350d4999a182b6412c956a746ab9b19bf91b6c42f4dc90cf7d47c
generated: "2022-03-28T12:51:00.964768+02:00"
