dependencies:
- name: redis
  repository: https://charts.bitnami.com/bitnami
  version: 10.3.3
- name: kafka
  repository: https://charts.bitnami.com/bitnami
  version: 7.1.1
- name: clickhouse
  repository: https://liwenhe1993.github.io/charts/
  version: 1.0.1
- name: rabbitmq-ha
  repository: https://kubernetes-charts.storage.googleapis.com/
  version: 1.38.2
digest: sha256:d3fb50d00813f777f2f64752c4ffb182907b3a6decd874e3f9f5b89fe0b5a273
generated: "2020-01-16T10:24:05.040255+01:00"
