dependencies:
- name: redis
  repository: https://charts.bitnami.com/bitnami
  version: 10.3.3
- name: kafka
  repository: https://charts.bitnami.com/bitnami
  version: 7.2.9
- name: clickhouse
  repository: https://liwenhe1993.github.io/charts/
  version: 1.0.1
- name: rabbitmq-ha
  repository: https://kubernetes-charts.storage.googleapis.com/
  version: 1.38.2
- name: postgresql
  repository: https://kubernetes-charts.storage.googleapis.com/
  version: 8.2.1
digest: sha256:bcf58dcc754439367342f9d130cdacb68d846c400224a32ae29db470963b71f5
generated: "2020-03-04T23:42:56.090035+01:00"
