dependencies:
- name: redis
  repository: https://charts.bitnami.com/bitnami
  version: 10.3.3
- name: kafka
  repository: https://charts.bitnami.com/bitnami
  version: 7.1.1
- name: clickhouse
  repository: https://liwenhe1993.github.io/charts/
  version: 1.0.1
- name: rabbitmq-ha
  repository: https://kubernetes-charts.storage.googleapis.com/
  version: 1.38.2
- name: postgresql
  repository: https://kubernetes-charts.storage.googleapis.com/
  version: 8.2.1
digest: sha256:e43ae969e6b7a1a4c6549f629d61b8dc29f436c3bfb0bbd7ce3010cb158da16e
generated: "2020-02-02T08:21:15.987758+01:00"
